{
  "name": "language-gcl",
  "version": "0.2.1",
  "lockfileVersion": 1,
  "requires": true,
  "dependencies": {
    "nan": {
      "version": "2.14.0",
      "resolved": "https://registry.npmjs.org/nan/-/nan-2.14.0.tgz",
      "integrity": "sha512-INOFj37C7k3AfaNTtX8RhsTw7qRy7eLET14cROi9+5HAVbbHuIWUHEauBv5qT4Av2tWasiTY1Jw6puUNqRJXQg=="
    },
    "tree-sitter-gcl": {
      "version": "0.1.1",
      "resolved": "https://registry.npmjs.org/tree-sitter-gcl/-/tree-sitter-gcl-0.1.1.tgz",
      "integrity": "sha512-4N9IGj9CiTg5HKXq59g/NlS2NSLoQyReeOq+nXh/CHP1XNrrNKtEGCTuHpoiNO0GV582/CxGm04pL4YyW7aGHQ==",
      "requires": {
        "nan": "^2.14.0"
      }
    }
  }
}
